// !$*UTF8*$!
{
	archiveVersion = 1;
	classes = {
	};
	objectVersion = 46;
	objects = {

/* Begin PBXBuildFile section */
		493DCA1D1B29ED3700915F74 /* AppConstants.swift in Sources */ = {isa = PBXBuildFile; fileRef = 493DCA1C1B29ED3700915F74 /* AppConstants.swift */; };
		493DCA751B2A977D00915F74 /* Bolts.framework in Frameworks */ = {isa = PBXBuildFile; fileRef = 493DCA721B2A977D00915F74 /* Bolts.framework */; };
		493DCA761B2A977D00915F74 /* Parse.framework in Frameworks */ = {isa = PBXBuildFile; fileRef = 493DCA731B2A977D00915F74 /* Parse.framework */; };
		493DCA771B2A977D00915F74 /* ParseUI.framework in Frameworks */ = {isa = PBXBuildFile; fileRef = 493DCA741B2A977D00915F74 /* ParseUI.framework */; };
		493DCA791B2A98EB00915F74 /* VCQViewController.swift in Sources */ = {isa = PBXBuildFile; fileRef = 493DCA781B2A98EB00915F74 /* VCQViewController.swift */; };
		4943755A1B286FB000992F8D /* AppDelegate.swift in Sources */ = {isa = PBXBuildFile; fileRef = 494375591B286FB000992F8D /* AppDelegate.swift */; };
		4943755C1B286FB000992F8D /* ViewController.swift in Sources */ = {isa = PBXBuildFile; fileRef = 4943755B1B286FB000992F8D /* ViewController.swift */; };
		4943755F1B286FB000992F8D /* Main.storyboard in Resources */ = {isa = PBXBuildFile; fileRef = 4943755D1B286FB000992F8D /* Main.storyboard */; };
		494375611B286FB000992F8D /* Images.xcassets in Resources */ = {isa = PBXBuildFile; fileRef = 494375601B286FB000992F8D /* Images.xcassets */; };
		494375641B286FB000992F8D /* LaunchScreen.xib in Resources */ = {isa = PBXBuildFile; fileRef = 494375621B286FB000992F8D /* LaunchScreen.xib */; };
		494375701B286FB000992F8D /* StokePatrolTests.swift in Sources */ = {isa = PBXBuildFile; fileRef = 4943756F1B286FB000992F8D /* StokePatrolTests.swift */; };
		4943758B1B28738100992F8D /* AudioToolbox.framework in Frameworks */ = {isa = PBXBuildFile; fileRef = 4943758A1B28738100992F8D /* AudioToolbox.framework */; };
		4943758D1B28738900992F8D /* CFNetwork.framework in Frameworks */ = {isa = PBXBuildFile; fileRef = 4943758C1B28738900992F8D /* CFNetwork.framework */; };
		4943758F1B28739100992F8D /* CoreGraphics.framework in Frameworks */ = {isa = PBXBuildFile; fileRef = 4943758E1B28739100992F8D /* CoreGraphics.framework */; };
		494375911B28739A00992F8D /* CoreLocation.framework in Frameworks */ = {isa = PBXBuildFile; fileRef = 494375901B28739A00992F8D /* CoreLocation.framework */; };
		494375931B2873A400992F8D /* MobileCoreServices.framework in Frameworks */ = {isa = PBXBuildFile; fileRef = 494375921B2873A400992F8D /* MobileCoreServices.framework */; };
		494375951B2873AA00992F8D /* QuartzCore.framework in Frameworks */ = {isa = PBXBuildFile; fileRef = 494375941B2873AA00992F8D /* QuartzCore.framework */; };
		494375971B2873B200992F8D /* Security.framework in Frameworks */ = {isa = PBXBuildFile; fileRef = 494375961B2873B200992F8D /* Security.framework */; };
		494375991B2873B900992F8D /* StoreKit.framework in Frameworks */ = {isa = PBXBuildFile; fileRef = 494375981B2873B900992F8D /* StoreKit.framework */; };
		4943759B1B2873C800992F8D /* SystemConfiguration.framework in Frameworks */ = {isa = PBXBuildFile; fileRef = 4943759A1B2873C800992F8D /* SystemConfiguration.framework */; };
		4943759D1B2873D300992F8D /* libz.dylib in Frameworks */ = {isa = PBXBuildFile; fileRef = 4943759C1B2873D300992F8D /* libz.dylib */; };
		4943759F1B2873E100992F8D /* libsqlite3.dylib in Frameworks */ = {isa = PBXBuildFile; fileRef = 4943759E1B2873E100992F8D /* libsqlite3.dylib */; };
		494375A11B2873F700992F8D /* Accounts.framework in Frameworks */ = {isa = PBXBuildFile; fileRef = 494375A01B2873F700992F8D /* Accounts.framework */; };
		494375A31B2873FE00992F8D /* Social.framework in Frameworks */ = {isa = PBXBuildFile; fileRef = 494375A21B2873FE00992F8D /* Social.framework */; };
		494375A51B28B1EA00992F8D /* TimelineTableViewController.swift in Sources */ = {isa = PBXBuildFile; fileRef = 494375A41B28B1EA00992F8D /* TimelineTableViewController.swift */; };
		494375A71B28B21300992F8D /* EditReportTableViewController.swift in Sources */ = {isa = PBXBuildFile; fileRef = 494375A61B28B21300992F8D /* EditReportTableViewController.swift */; };
		494375A91B28B25800992F8D /* ReportTableViewCell.swift in Sources */ = {isa = PBXBuildFile; fileRef = 494375A81B28B25800992F8D /* ReportTableViewCell.swift */; };
		497EB5341B28EC3B00B7EF66 /* BreakNameTableViewCell.swift in Sources */ = {isa = PBXBuildFile; fileRef = 497EB5331B28EC3B00B7EF66 /* BreakNameTableViewCell.swift */; };
		5745EED6F93BEDAAEFE6334C /* libPods.a in Frameworks */ = {isa = PBXBuildFile; fileRef = E09DB9281FA413CFD068EBAC /* libPods.a */; };
/* End PBXBuildFile section */

/* Begin PBXContainerItemProxy section */
		4943756A1B286FB000992F8D /* PBXContainerItemProxy */ = {
			isa = PBXContainerItemProxy;
			containerPortal = 4943754C1B286FB000992F8D /* Project object */;
			proxyType = 1;
			remoteGlobalIDString = 494375531B286FB000992F8D;
			remoteInfo = StokePatrol;
		};
/* End PBXContainerItemProxy section */

/* Begin PBXFileReference section */
		0C7279AEE04F1518221AFAD4 /* Pods.release.xcconfig */ = {isa = PBXFileReference; includeInIndex = 1; lastKnownFileType = text.xcconfig; name = Pods.release.xcconfig; path = "Pods/Target Support Files/Pods/Pods.release.xcconfig"; sourceTree = "<group>"; };
		493DCA1C1B29ED3700915F74 /* AppConstants.swift */ = {isa = PBXFileReference; fileEncoding = 4; lastKnownFileType = sourcecode.swift; path = AppConstants.swift; sourceTree = "<group>"; };
		493DCA721B2A977D00915F74 /* Bolts.framework */ = {isa = PBXFileReference; lastKnownFileType = wrapper.framework; path = Bolts.framework; sourceTree = "<group>"; };
		493DCA731B2A977D00915F74 /* Parse.framework */ = {isa = PBXFileReference; lastKnownFileType = wrapper.framework; path = Parse.framework; sourceTree = "<group>"; };
		493DCA741B2A977D00915F74 /* ParseUI.framework */ = {isa = PBXFileReference; lastKnownFileType = wrapper.framework; path = ParseUI.framework; sourceTree = "<group>"; };
		493DCA781B2A98EB00915F74 /* VCQViewController.swift */ = {isa = PBXFileReference; fileEncoding = 4; lastKnownFileType = sourcecode.swift; path = VCQViewController.swift; sourceTree = "<group>"; };
		494375541B286FB000992F8D /* StokePatrol.app */ = {isa = PBXFileReference; explicitFileType = wrapper.application; includeInIndex = 0; path = StokePatrol.app; sourceTree = BUILT_PRODUCTS_DIR; };
		494375581B286FB000992F8D /* Info.plist */ = {isa = PBXFileReference; lastKnownFileType = text.plist.xml; path = Info.plist; sourceTree = "<group>"; };
		494375591B286FB000992F8D /* AppDelegate.swift */ = {isa = PBXFileReference; lastKnownFileType = sourcecode.swift; path = AppDelegate.swift; sourceTree = "<group>"; };
		4943755B1B286FB000992F8D /* ViewController.swift */ = {isa = PBXFileReference; lastKnownFileType = sourcecode.swift; path = ViewController.swift; sourceTree = "<group>"; };
		4943755E1B286FB000992F8D /* Base */ = {isa = PBXFileReference; lastKnownFileType = file.storyboard; name = Base; path = Base.lproj/Main.storyboard; sourceTree = "<group>"; };
		494375601B286FB000992F8D /* Images.xcassets */ = {isa = PBXFileReference; lastKnownFileType = folder.assetcatalog; path = Images.xcassets; sourceTree = "<group>"; };
		494375631B286FB000992F8D /* Base */ = {isa = PBXFileReference; lastKnownFileType = file.xib; name = Base; path = Base.lproj/LaunchScreen.xib; sourceTree = "<group>"; };
		494375691B286FB000992F8D /* StokePatrolTests.xctest */ = {isa = PBXFileReference; explicitFileType = wrapper.cfbundle; includeInIndex = 0; path = StokePatrolTests.xctest; sourceTree = BUILT_PRODUCTS_DIR; };
		4943756E1B286FB000992F8D /* Info.plist */ = {isa = PBXFileReference; lastKnownFileType = text.plist.xml; path = Info.plist; sourceTree = "<group>"; };
		4943756F1B286FB000992F8D /* StokePatrolTests.swift */ = {isa = PBXFileReference; lastKnownFileType = sourcecode.swift; path = StokePatrolTests.swift; sourceTree = "<group>"; };
		494375791B28702800992F8D /* bridge.h */ = {isa = PBXFileReference; fileEncoding = 4; lastKnownFileType = sourcecode.c.h; name = bridge.h; path = ../bridge.h; sourceTree = "<group>"; };
		4943758A1B28738100992F8D /* AudioToolbox.framework */ = {isa = PBXFileReference; lastKnownFileType = wrapper.framework; name = AudioToolbox.framework; path = System/Library/Frameworks/AudioToolbox.framework; sourceTree = SDKROOT; };
		4943758C1B28738900992F8D /* CFNetwork.framework */ = {isa = PBXFileReference; lastKnownFileType = wrapper.framework; name = CFNetwork.framework; path = System/Library/Frameworks/CFNetwork.framework; sourceTree = SDKROOT; };
		4943758E1B28739100992F8D /* CoreGraphics.framework */ = {isa = PBXFileReference; lastKnownFileType = wrapper.framework; name = CoreGraphics.framework; path = System/Library/Frameworks/CoreGraphics.framework; sourceTree = SDKROOT; };
		494375901B28739A00992F8D /* CoreLocation.framework */ = {isa = PBXFileReference; lastKnownFileType = wrapper.framework; name = CoreLocation.framework; path = System/Library/Frameworks/CoreLocation.framework; sourceTree = SDKROOT; };
		494375921B2873A400992F8D /* MobileCoreServices.framework */ = {isa = PBXFileReference; lastKnownFileType = wrapper.framework; name = MobileCoreServices.framework; path = System/Library/Frameworks/MobileCoreServices.framework; sourceTree = SDKROOT; };
		494375941B2873AA00992F8D /* QuartzCore.framework */ = {isa = PBXFileReference; lastKnownFileType = wrapper.framework; name = QuartzCore.framework; path = System/Library/Frameworks/QuartzCore.framework; sourceTree = SDKROOT; };
		494375961B2873B200992F8D /* Security.framework */ = {isa = PBXFileReference; lastKnownFileType = wrapper.framework; name = Security.framework; path = System/Library/Frameworks/Security.framework; sourceTree = SDKROOT; };
		494375981B2873B900992F8D /* StoreKit.framework */ = {isa = PBXFileReference; lastKnownFileType = wrapper.framework; name = StoreKit.framework; path = System/Library/Frameworks/StoreKit.framework; sourceTree = SDKROOT; };
		4943759A1B2873C800992F8D /* SystemConfiguration.framework */ = {isa = PBXFileReference; lastKnownFileType = wrapper.framework; name = SystemConfiguration.framework; path = System/Library/Frameworks/SystemConfiguration.framework; sourceTree = SDKROOT; };
		4943759C1B2873D300992F8D /* libz.dylib */ = {isa = PBXFileReference; lastKnownFileType = "compiled.mach-o.dylib"; name = libz.dylib; path = usr/lib/libz.dylib; sourceTree = SDKROOT; };
		4943759E1B2873E100992F8D /* libsqlite3.dylib */ = {isa = PBXFileReference; lastKnownFileType = "compiled.mach-o.dylib"; name = libsqlite3.dylib; path = usr/lib/libsqlite3.dylib; sourceTree = SDKROOT; };
		494375A01B2873F700992F8D /* Accounts.framework */ = {isa = PBXFileReference; lastKnownFileType = wrapper.framework; name = Accounts.framework; path = System/Library/Frameworks/Accounts.framework; sourceTree = SDKROOT; };
		494375A21B2873FE00992F8D /* Social.framework */ = {isa = PBXFileReference; lastKnownFileType = wrapper.framework; name = Social.framework; path = System/Library/Frameworks/Social.framework; sourceTree = SDKROOT; };
		494375A41B28B1EA00992F8D /* TimelineTableViewController.swift */ = {isa = PBXFileReference; fileEncoding = 4; lastKnownFileType = sourcecode.swift; path = TimelineTableViewController.swift; sourceTree = "<group>"; };
		494375A61B28B21300992F8D /* EditReportTableViewController.swift */ = {isa = PBXFileReference; fileEncoding = 4; lastKnownFileType = sourcecode.swift; path = EditReportTableViewController.swift; sourceTree = "<group>"; };
		494375A81B28B25800992F8D /* ReportTableViewCell.swift */ = {isa = PBXFileReference; fileEncoding = 4; lastKnownFileType = sourcecode.swift; path = ReportTableViewCell.swift; sourceTree = "<group>"; };
		497EB5331B28EC3B00B7EF66 /* BreakNameTableViewCell.swift */ = {isa = PBXFileReference; fileEncoding = 4; lastKnownFileType = sourcecode.swift; name = BreakNameTableViewCell.swift; path = ../BreakNameTableViewCell.swift; sourceTree = "<group>"; };
		BA9912E580D3BDE6E982869F /* Pods.debug.xcconfig */ = {isa = PBXFileReference; includeInIndex = 1; lastKnownFileType = text.xcconfig; name = Pods.debug.xcconfig; path = "Pods/Target Support Files/Pods/Pods.debug.xcconfig"; sourceTree = "<group>"; };
		E09DB9281FA413CFD068EBAC /* libPods.a */ = {isa = PBXFileReference; explicitFileType = archive.ar; includeInIndex = 0; path = libPods.a; sourceTree = BUILT_PRODUCTS_DIR; };
/* End PBXFileReference section */

/* Begin PBXFrameworksBuildPhase section */
		494375511B286FB000992F8D /* Frameworks */ = {
			isa = PBXFrameworksBuildPhase;
			buildActionMask = 2147483647;
			files = (
				493DCA751B2A977D00915F74 /* Bolts.framework in Frameworks */,
				494375A31B2873FE00992F8D /* Social.framework in Frameworks */,
				494375A11B2873F700992F8D /* Accounts.framework in Frameworks */,
				4943759F1B2873E100992F8D /* libsqlite3.dylib in Frameworks */,
				4943759D1B2873D300992F8D /* libz.dylib in Frameworks */,
				4943759B1B2873C800992F8D /* SystemConfiguration.framework in Frameworks */,
				493DCA761B2A977D00915F74 /* Parse.framework in Frameworks */,
				494375991B2873B900992F8D /* StoreKit.framework in Frameworks */,
				494375971B2873B200992F8D /* Security.framework in Frameworks */,
				493DCA771B2A977D00915F74 /* ParseUI.framework in Frameworks */,
				494375951B2873AA00992F8D /* QuartzCore.framework in Frameworks */,
				494375931B2873A400992F8D /* MobileCoreServices.framework in Frameworks */,
				494375911B28739A00992F8D /* CoreLocation.framework in Frameworks */,
				4943758F1B28739100992F8D /* CoreGraphics.framework in Frameworks */,
				4943758D1B28738900992F8D /* CFNetwork.framework in Frameworks */,
				4943758B1B28738100992F8D /* AudioToolbox.framework in Frameworks */,
				5745EED6F93BEDAAEFE6334C /* libPods.a in Frameworks */,
			);
			runOnlyForDeploymentPostprocessing = 0;
		};
		494375661B286FB000992F8D /* Frameworks */ = {
			isa = PBXFrameworksBuildPhase;
			buildActionMask = 2147483647;
			files = (
			);
			runOnlyForDeploymentPostprocessing = 0;
		};
/* End PBXFrameworksBuildPhase section */

/* Begin PBXGroup section */
		3092B04DD0DDC835F6C4A965 /* Pods */ = {
			isa = PBXGroup;
			children = (
				BA9912E580D3BDE6E982869F /* Pods.debug.xcconfig */,
				0C7279AEE04F1518221AFAD4 /* Pods.release.xcconfig */,
			);
			name = Pods;
			sourceTree = "<group>";
		};
		493DCA711B2A977D00915F74 /* Parse */ = {
			isa = PBXGroup;
			children = (
				493DCA721B2A977D00915F74 /* Bolts.framework */,
				493DCA731B2A977D00915F74 /* Parse.framework */,
				493DCA741B2A977D00915F74 /* ParseUI.framework */,
			);
			path = Parse;
			sourceTree = "<group>";
		};
		4943754B1B286FB000992F8D = {
			isa = PBXGroup;
			children = (
				494375561B286FB000992F8D /* StokePatrol */,
				493DCA711B2A977D00915F74 /* Parse */,
				494375891B28735C00992F8D /* Frameworks */,
				4943756C1B286FB000992F8D /* StokePatrolTests */,
				494375551B286FB000992F8D /* Products */,
				3092B04DD0DDC835F6C4A965 /* Pods */,
			);
			sourceTree = "<group>";
		};
		494375551B286FB000992F8D /* Products */ = {
			isa = PBXGroup;
			children = (
				494375541B286FB000992F8D /* StokePatrol.app */,
				494375691B286FB000992F8D /* StokePatrolTests.xctest */,
			);
			name = Products;
			sourceTree = "<group>";
		};
		494375561B286FB000992F8D /* StokePatrol */ = {
			isa = PBXGroup;
			children = (
				494375591B286FB000992F8D /* AppDelegate.swift */,
				4943755B1B286FB000992F8D /* ViewController.swift */,
				4943755D1B286FB000992F8D /* Main.storyboard */,
				493DCA781B2A98EB00915F74 /* VCQViewController.swift */,
				493DCA1C1B29ED3700915F74 /* AppConstants.swift */,
				497EB5331B28EC3B00B7EF66 /* BreakNameTableViewCell.swift */,
				494375A81B28B25800992F8D /* ReportTableViewCell.swift */,
				494375A61B28B21300992F8D /* EditReportTableViewController.swift */,
				494375A41B28B1EA00992F8D /* TimelineTableViewController.swift */,
				494375571B286FB000992F8D /* Supporting Files */,
			);
			path = StokePatrol;
			sourceTree = "<group>";
		};
		494375571B286FB000992F8D /* Supporting Files */ = {
			isa = PBXGroup;
			children = (
				494375601B286FB000992F8D /* Images.xcassets */,
				494375621B286FB000992F8D /* LaunchScreen.xib */,
				494375791B28702800992F8D /* bridge.h */,
				494375581B286FB000992F8D /* Info.plist */,
			);
			name = "Supporting Files";
			sourceTree = "<group>";
		};
		4943756C1B286FB000992F8D /* StokePatrolTests */ = {
			isa = PBXGroup;
			children = (
				4943756F1B286FB000992F8D /* StokePatrolTests.swift */,
				4943756D1B286FB000992F8D /* Supporting Files */,
			);
			path = StokePatrolTests;
			sourceTree = "<group>";
		};
		4943756D1B286FB000992F8D /* Supporting Files */ = {
			isa = PBXGroup;
			children = (
				4943756E1B286FB000992F8D /* Info.plist */,
			);
			name = "Supporting Files";
			sourceTree = "<group>";
		};
		494375891B28735C00992F8D /* Frameworks */ = {
			isa = PBXGroup;
			children = (
				494375A21B2873FE00992F8D /* Social.framework */,
				494375A01B2873F700992F8D /* Accounts.framework */,
				4943759E1B2873E100992F8D /* libsqlite3.dylib */,
				4943759C1B2873D300992F8D /* libz.dylib */,
				4943759A1B2873C800992F8D /* SystemConfiguration.framework */,
				494375981B2873B900992F8D /* StoreKit.framework */,
				494375961B2873B200992F8D /* Security.framework */,
				494375941B2873AA00992F8D /* QuartzCore.framework */,
				494375921B2873A400992F8D /* MobileCoreServices.framework */,
				494375901B28739A00992F8D /* CoreLocation.framework */,
				4943758E1B28739100992F8D /* CoreGraphics.framework */,
				4943758C1B28738900992F8D /* CFNetwork.framework */,
				4943758A1B28738100992F8D /* AudioToolbox.framework */,
				E09DB9281FA413CFD068EBAC /* libPods.a */,
			);
			name = Frameworks;
			sourceTree = "<group>";
		};
/* End PBXGroup section */

/* Begin PBXNativeTarget section */
		494375531B286FB000992F8D /* StokePatrol */ = {
			isa = PBXNativeTarget;
			buildConfigurationList = 494375731B286FB000992F8D /* Build configuration list for PBXNativeTarget "StokePatrol" */;
			buildPhases = (
				93743A64D75D58C0518B4FAD /* Check Pods Manifest.lock */,
				494375501B286FB000992F8D /* Sources */,
				494375511B286FB000992F8D /* Frameworks */,
				494375521B286FB000992F8D /* Resources */,
				5C9C7A154D48B18C8755973B /* Copy Pods Resources */,
			);
			buildRules = (
			);
			dependencies = (
			);
			name = StokePatrol;
			productName = StokePatrol;
			productReference = 494375541B286FB000992F8D /* StokePatrol.app */;
			productType = "com.apple.product-type.application";
		};
		494375681B286FB000992F8D /* StokePatrolTests */ = {
			isa = PBXNativeTarget;
			buildConfigurationList = 494375761B286FB000992F8D /* Build configuration list for PBXNativeTarget "StokePatrolTests" */;
			buildPhases = (
				494375651B286FB000992F8D /* Sources */,
				494375661B286FB000992F8D /* Frameworks */,
				494375671B286FB000992F8D /* Resources */,
			);
			buildRules = (
			);
			dependencies = (
				4943756B1B286FB000992F8D /* PBXTargetDependency */,
			);
			name = StokePatrolTests;
			productName = StokePatrolTests;
			productReference = 494375691B286FB000992F8D /* StokePatrolTests.xctest */;
			productType = "com.apple.product-type.bundle.unit-test";
		};
/* End PBXNativeTarget section */

/* Begin PBXProject section */
		4943754C1B286FB000992F8D /* Project object */ = {
			isa = PBXProject;
			attributes = {
				LastUpgradeCheck = 0630;
				ORGANIZATIONNAME = rachelrockaway;
				TargetAttributes = {
					494375531B286FB000992F8D = {
						CreatedOnToolsVersion = 6.3.1;
					};
					494375681B286FB000992F8D = {
						CreatedOnToolsVersion = 6.3.1;
						TestTargetID = 494375531B286FB000992F8D;
					};
				};
			};
			buildConfigurationList = 4943754F1B286FB000992F8D /* Build configuration list for PBXProject "StokePatrol" */;
			compatibilityVersion = "Xcode 3.2";
			developmentRegion = English;
			hasScannedForEncodings = 0;
			knownRegions = (
				en,
				Base,
			);
			mainGroup = 4943754B1B286FB000992F8D;
			productRefGroup = 494375551B286FB000992F8D /* Products */;
			projectDirPath = "";
			projectRoot = "";
			targets = (
				494375531B286FB000992F8D /* StokePatrol */,
				494375681B286FB000992F8D /* StokePatrolTests */,
			);
		};
/* End PBXProject section */

/* Begin PBXResourcesBuildPhase section */
		494375521B286FB000992F8D /* Resources */ = {
			isa = PBXResourcesBuildPhase;
			buildActionMask = 2147483647;
			files = (
				4943755F1B286FB000992F8D /* Main.storyboard in Resources */,
				494375641B286FB000992F8D /* LaunchScreen.xib in Resources */,
				494375611B286FB000992F8D /* Images.xcassets in Resources */,
			);
			runOnlyForDeploymentPostprocessing = 0;
		};
		494375671B286FB000992F8D /* Resources */ = {
			isa = PBXResourcesBuildPhase;
			buildActionMask = 2147483647;
			files = (
			);
			runOnlyForDeploymentPostprocessing = 0;
		};
/* End PBXResourcesBuildPhase section */

/* Begin PBXShellScriptBuildPhase section */
		5C9C7A154D48B18C8755973B /* Copy Pods Resources */ = {
			isa = PBXShellScriptBuildPhase;
			buildActionMask = 2147483647;
			files = (
			);
			inputPaths = (
			);
			name = "Copy Pods Resources";
			outputPaths = (
			);
			runOnlyForDeploymentPostprocessing = 0;
			shellPath = /bin/sh;
			shellScript = "\"${SRCROOT}/Pods/Target Support Files/Pods/Pods-resources.sh\"\n";
			showEnvVarsInLog = 0;
		};
		93743A64D75D58C0518B4FAD /* Check Pods Manifest.lock */ = {
			isa = PBXShellScriptBuildPhase;
			buildActionMask = 2147483647;
			files = (
			);
			inputPaths = (
			);
			name = "Check Pods Manifest.lock";
			outputPaths = (
			);
			runOnlyForDeploymentPostprocessing = 0;
			shellPath = /bin/sh;
			shellScript = "diff \"${PODS_ROOT}/../Podfile.lock\" \"${PODS_ROOT}/Manifest.lock\" > /dev/null\nif [[ $? != 0 ]] ; then\n    cat << EOM\nerror: The sandbox is not in sync with the Podfile.lock. Run 'pod install' or update your CocoaPods installation.\nEOM\n    exit 1\nfi\n";
			showEnvVarsInLog = 0;
		};
/* End PBXShellScriptBuildPhase section */

/* Begin PBXSourcesBuildPhase section */
		494375501B286FB000992F8D /* Sources */ = {
			isa = PBXSourcesBuildPhase;
			buildActionMask = 2147483647;
			files = (
				4943755C1B286FB000992F8D /* ViewController.swift in Sources */,
				494375A51B28B1EA00992F8D /* TimelineTableViewController.swift in Sources */,
				497EB5341B28EC3B00B7EF66 /* BreakNameTableViewCell.swift in Sources */,
				493DCA791B2A98EB00915F74 /* VCQViewController.swift in Sources */,
				4943755A1B286FB000992F8D /* AppDelegate.swift in Sources */,
				493DCA1D1B29ED3700915F74 /* AppConstants.swift in Sources */,
				494375A91B28B25800992F8D /* ReportTableViewCell.swift in Sources */,
				494375A71B28B21300992F8D /* EditReportTableViewController.swift in Sources */,
			);
			runOnlyForDeploymentPostprocessing = 0;
		};
		494375651B286FB000992F8D /* Sources */ = {
			isa = PBXSourcesBuildPhase;
			buildActionMask = 2147483647;
			files = (
				494375701B286FB000992F8D /* StokePatrolTests.swift in Sources */,
			);
			runOnlyForDeploymentPostprocessing = 0;
		};
/* End PBXSourcesBuildPhase section */

/* Begin PBXTargetDependency section */
		4943756B1B286FB000992F8D /* PBXTargetDependency */ = {
			isa = PBXTargetDependency;
			target = 494375531B286FB000992F8D /* StokePatrol */;
			targetProxy = 4943756A1B286FB000992F8D /* PBXContainerItemProxy */;
		};
/* End PBXTargetDependency section */

/* Begin PBXVariantGroup section */
		4943755D1B286FB000992F8D /* Main.storyboard */ = {
			isa = PBXVariantGroup;
			children = (
				4943755E1B286FB000992F8D /* Base */,
			);
			name = Main.storyboard;
			sourceTree = "<group>";
		};
		494375621B286FB000992F8D /* LaunchScreen.xib */ = {
			isa = PBXVariantGroup;
			children = (
				494375631B286FB000992F8D /* Base */,
			);
			name = LaunchScreen.xib;
			sourceTree = "<group>";
		};
/* End PBXVariantGroup section */

/* Begin XCBuildConfiguration section */
		494375711B286FB000992F8D /* Debug */ = {
			isa = XCBuildConfiguration;
			buildSettings = {
				ALWAYS_SEARCH_USER_PATHS = NO;
				CLANG_CXX_LANGUAGE_STANDARD = "gnu++0x";
				CLANG_CXX_LIBRARY = "libc++";
				CLANG_ENABLE_MODULES = YES;
				CLANG_ENABLE_OBJC_ARC = YES;
				CLANG_WARN_BOOL_CONVERSION = YES;
				CLANG_WARN_CONSTANT_CONVERSION = YES;
				CLANG_WARN_DIRECT_OBJC_ISA_USAGE = YES_ERROR;
				CLANG_WARN_EMPTY_BODY = YES;
				CLANG_WARN_ENUM_CONVERSION = YES;
				CLANG_WARN_INT_CONVERSION = YES;
				CLANG_WARN_OBJC_ROOT_CLASS = YES_ERROR;
				CLANG_WARN_UNREACHABLE_CODE = YES;
				CLANG_WARN__DUPLICATE_METHOD_MATCH = YES;
				"CODE_SIGN_IDENTITY[sdk=iphoneos*]" = "iPhone Developer";
				COPY_PHASE_STRIP = NO;
				DEBUG_INFORMATION_FORMAT = "dwarf-with-dsym";
				ENABLE_STRICT_OBJC_MSGSEND = YES;
				GCC_C_LANGUAGE_STANDARD = gnu99;
				GCC_DYNAMIC_NO_PIC = NO;
				GCC_NO_COMMON_BLOCKS = YES;
				GCC_OPTIMIZATION_LEVEL = 0;
				GCC_PREPROCESSOR_DEFINITIONS = (
					"DEBUG=1",
					"$(inherited)",
				);
				GCC_SYMBOLS_PRIVATE_EXTERN = NO;
				GCC_WARN_64_TO_32_BIT_CONVERSION = YES;
				GCC_WARN_ABOUT_RETURN_TYPE = YES_ERROR;
				GCC_WARN_UNDECLARED_SELECTOR = YES;
				GCC_WARN_UNINITIALIZED_AUTOS = YES_AGGRESSIVE;
				GCC_WARN_UNUSED_FUNCTION = YES;
				GCC_WARN_UNUSED_VARIABLE = YES;
				IPHONEOS_DEPLOYMENT_TARGET = 8.3;
				MTL_ENABLE_DEBUG_INFO = YES;
				ONLY_ACTIVE_ARCH = YES;
				SDKROOT = iphoneos;
				SWIFT_OPTIMIZATION_LEVEL = "-Onone";
				TARGETED_DEVICE_FAMILY = "1,2";
			};
			name = Debug;
		};
		494375721B286FB000992F8D /* Release */ = {
			isa = XCBuildConfiguration;
			buildSettings = {
				ALWAYS_SEARCH_USER_PATHS = NO;
				CLANG_CXX_LANGUAGE_STANDARD = "gnu++0x";
				CLANG_CXX_LIBRARY = "libc++";
				CLANG_ENABLE_MODULES = YES;
				CLANG_ENABLE_OBJC_ARC = YES;
				CLANG_WARN_BOOL_CONVERSION = YES;
				CLANG_WARN_CONSTANT_CONVERSION = YES;
				CLANG_WARN_DIRECT_OBJC_ISA_USAGE = YES_ERROR;
				CLANG_WARN_EMPTY_BODY = YES;
				CLANG_WARN_ENUM_CONVERSION = YES;
				CLANG_WARN_INT_CONVERSION = YES;
				CLANG_WARN_OBJC_ROOT_CLASS = YES_ERROR;
				CLANG_WARN_UNREACHABLE_CODE = YES;
				CLANG_WARN__DUPLICATE_METHOD_MATCH = YES;
				"CODE_SIGN_IDENTITY[sdk=iphoneos*]" = "iPhone Developer";
				COPY_PHASE_STRIP = NO;
				DEBUG_INFORMATION_FORMAT = "dwarf-with-dsym";
				ENABLE_NS_ASSERTIONS = NO;
				ENABLE_STRICT_OBJC_MSGSEND = YES;
				GCC_C_LANGUAGE_STANDARD = gnu99;
				GCC_NO_COMMON_BLOCKS = YES;
				GCC_WARN_64_TO_32_BIT_CONVERSION = YES;
				GCC_WARN_ABOUT_RETURN_TYPE = YES_ERROR;
				GCC_WARN_UNDECLARED_SELECTOR = YES;
				GCC_WARN_UNINITIALIZED_AUTOS = YES_AGGRESSIVE;
				GCC_WARN_UNUSED_FUNCTION = YES;
				GCC_WARN_UNUSED_VARIABLE = YES;
				IPHONEOS_DEPLOYMENT_TARGET = 8.3;
				MTL_ENABLE_DEBUG_INFO = NO;
				SDKROOT = iphoneos;
				TARGETED_DEVICE_FAMILY = "1,2";
				VALIDATE_PRODUCT = YES;
			};
			name = Release;
		};
		494375741B286FB000992F8D /* Debug */ = {
			isa = XCBuildConfiguration;
			baseConfigurationReference = BA9912E580D3BDE6E982869F /* Pods.debug.xcconfig */;
			buildSettings = {
				ASSETCATALOG_COMPILER_APPICON_NAME = AppIcon;
				DEFINES_MODULE = YES;
				FRAMEWORK_SEARCH_PATHS = (
					"$(inherited)",
					"$(PROJECT_DIR)/StokePatrol/Parse",
					"$(PROJECT_DIR)/Parse",
				);
				INFOPLIST_FILE = StokePatrol/Info.plist;
				LD_RUNPATH_SEARCH_PATHS = "$(inherited) @executable_path/Frameworks";
				PRODUCT_NAME = "$(TARGET_NAME)";
				SWIFT_OBJC_BRIDGING_HEADER = bridge.h;
			};
			name = Debug;
		};
		494375751B286FB000992F8D /* Release */ = {
			isa = XCBuildConfiguration;
			baseConfigurationReference = 0C7279AEE04F1518221AFAD4 /* Pods.release.xcconfig */;
			buildSettings = {
				ASSETCATALOG_COMPILER_APPICON_NAME = AppIcon;
				DEFINES_MODULE = YES;
				FRAMEWORK_SEARCH_PATHS = (
					"$(inherited)",
					"$(PROJECT_DIR)/StokePatrol/Parse",
					"$(PROJECT_DIR)/Parse",
				);
				INFOPLIST_FILE = StokePatrol/Info.plist;
				LD_RUNPATH_SEARCH_PATHS = "$(inherited) @executable_path/Frameworks";
				PRODUCT_NAME = "$(TARGET_NAME)";
				SWIFT_OBJC_BRIDGING_HEADER = bridge.h;
			};
			name = Release;
		};
		494375771B286FB000992F8D /* Debug */ = {
			isa = XCBuildConfiguration;
			buildSettings = {
				BUNDLE_LOADER = "$(TEST_HOST)";
				FRAMEWORK_SEARCH_PATHS = (
					"$(SDKROOT)/Developer/Library/Frameworks",
					"$(inherited)",
				);
				GCC_PREPROCESSOR_DEFINITIONS = (
					"DEBUG=1",
					"$(inherited)",
				);
				INFOPLIST_FILE = StokePatrolTests/Info.plist;
				LD_RUNPATH_SEARCH_PATHS = "$(inherited) @executable_path/Frameworks @loader_path/Frameworks";
				PRODUCT_NAME = "$(TARGET_NAME)";
				TEST_HOST = "$(BUILT_PRODUCTS_DIR)/StokePatrol.app/StokePatrol";
			};
			name = Debug;
		};
		494375781B286FB000992F8D /* Release */ = {
			isa = XCBuildConfiguration;
			buildSettings = {
				BUNDLE_LOADER = "$(TEST_HOST)";
				FRAMEWORK_SEARCH_PATHS = (
					"$(SDKROOT)/Developer/Library/Frameworks",
					"$(inherited)",
				);
				INFOPLIST_FILE = StokePatrolTests/Info.plist;
				LD_RUNPATH_SEARCH_PATHS = "$(inherited) @executable_path/Frameworks @loader_path/Frameworks";
				PRODUCT_NAME = "$(TARGET_NAME)";
				TEST_HOST = "$(BUILT_PRODUCTS_DIR)/StokePatrol.app/StokePatrol";
			};
			name = Release;
		};
/* End XCBuildConfiguration section */

/* Begin XCConfigurationList section */
		4943754F1B286FB000992F8D /* Build configuration list for PBXProject "StokePatrol" */ = {
			isa = XCConfigurationList;
			buildConfigurations = (
				494375711B286FB000992F8D /* Debug */,
				494375721B286FB000992F8D /* Release */,
			);
			defaultConfigurationIsVisible = 0;
			defaultConfigurationName = Release;
		};
		494375731B286FB000992F8D /* Build configuration list for PBXNativeTarget "StokePatrol" */ = {
			isa = XCConfigurationList;
			buildConfigurations = (
				494375741B286FB000992F8D /* Debug */,
				494375751B286FB000992F8D /* Release */,
			);
			defaultConfigurationIsVisible = 0;
			defaultConfigurationName = Release;
		};
		494375761B286FB000992F8D /* Build configuration list for PBXNativeTarget "StokePatrolTests" */ = {
			isa = XCConfigurationList;
			buildConfigurations = (
				494375771B286FB000992F8D /* Debug */,
				494375781B286FB000992F8D /* Release */,
			);
			defaultConfigurationIsVisible = 0;
			defaultConfigurationName = Release;
		};
/* End XCConfigurationList section */
	};
	rootObject = 4943754C1B286FB000992F8D /* Project object */;
}
